
Microsoft Visual Studio Solution File, Format Version 12.00
# Visual Studio Version 17
VisualStudioVersion = 17.2.32526.322
MinimumVisualStudioVersion = 10.0.40219.1
Project("{FAE04EC0-301F-11D3-BF4B-00C04F79EFBC}") = "NumberAnalyzerLab", "NumberAnalyzerLab\NumberAnalyzerLab.csproj", "{56C4AAE1-28CF-4BAA-B25F-1FA4E4217360}"
EndProject
Global
	GlobalSection(SolutionConfigurationPlatforms) = preSolution
		Debug|Any CPU = Debug|Any CPU
		Release|Any CPU = Release|Any CPU
	EndGlobalSection
	GlobalSection(ProjectConfigurationPlatforms) = postSolution
		{56C4AAE1-28CF-4BAA-B25F-1FA4E4217360}.Debug|Any CPU.ActiveCfg = Debug|Any CPU
		{56C4AAE1-28CF-4BAA-B25F-1FA4E4217360}.Debug|Any CPU.Build.0 = Debug|Any CPU
		{56C4AAE1-28CF-4BAA-B25F-1FA4E4217360}.Release|Any CPU.ActiveCfg = Release|Any CPU
		{56C4AAE1-28CF-4BAA-B25F-1FA4E4217360}.Release|Any CPU.Build.0 = Release|Any CPU
	EndGlobalSection
	GlobalSection(SolutionProperties) = preSolution
		HideSolutionNode = FALSE
	EndGlobalSection
	GlobalSection(ExtensibilityGlobals) = postSolution
		SolutionGuid = {E39FD52D-2D74-42F7-B157-15452523E647}
	EndGlobalSection
EndGlobal
